// !$*UTF8*$!
{
	archiveVersion = 1;
	classes = {
	};
	objectVersion = 51;
	objects = {

/* Begin PBXBuildFile section */
		3242CC31251344DE006CD546 /* Extensions.swift in Sources */ = {isa = PBXBuildFile; fileRef = 3242CC30251344DE006CD546 /* Extensions.swift */; };
		326483A525133C020077E403 /* AppDelegate.swift in Sources */ = {isa = PBXBuildFile; fileRef = 326483A425133C020077E403 /* AppDelegate.swift */; };
		326483A725133C020077E403 /* SceneDelegate.swift in Sources */ = {isa = PBXBuildFile; fileRef = 326483A625133C020077E403 /* SceneDelegate.swift */; };
		326483A925133C020077E403 /* ConversationsViewController.swift in Sources */ = {isa = PBXBuildFile; fileRef = 326483A825133C020077E403 /* ConversationsViewController.swift */; };
		326483AC25133C020077E403 /* Main.storyboard in Resources */ = {isa = PBXBuildFile; fileRef = 326483AA25133C020077E403 /* Main.storyboard */; };
		326483AE25133C070077E403 /* Assets.xcassets in Resources */ = {isa = PBXBuildFile; fileRef = 326483AD25133C070077E403 /* Assets.xcassets */; };
		326483B125133C070077E403 /* LaunchScreen.storyboard in Resources */ = {isa = PBXBuildFile; fileRef = 326483AF25133C070077E403 /* LaunchScreen.storyboard */; };
		326483BF25133DF60077E403 /* LoginViewViewController.swift in Sources */ = {isa = PBXBuildFile; fileRef = 326483BE25133DF60077E403 /* LoginViewViewController.swift */; };
		326483C125133E090077E403 /* RegisterViewController.swift in Sources */ = {isa = PBXBuildFile; fileRef = 326483C025133E090077E403 /* RegisterViewController.swift */; };
		326483C325133E260077E403 /* PhotoViewerViewController.swift in Sources */ = {isa = PBXBuildFile; fileRef = 326483C225133E260077E403 /* PhotoViewerViewController.swift */; };
		326483C525133E2D0077E403 /* VideoPlayerViewController.swift in Sources */ = {isa = PBXBuildFile; fileRef = 326483C425133E2D0077E403 /* VideoPlayerViewController.swift */; };
		326483C725133E4E0077E403 /* NewConversationViewController.swift in Sources */ = {isa = PBXBuildFile; fileRef = 326483C625133E4E0077E403 /* NewConversationViewController.swift */; };
		326483C925133E5A0077E403 /* ProfileViewController.swift in Sources */ = {isa = PBXBuildFile; fileRef = 326483C825133E5A0077E403 /* ProfileViewController.swift */; };
		3272EBD4251368CD0064D9FD /* GoogleService-Info.plist in Resources */ = {isa = PBXBuildFile; fileRef = 3272EBD3251368CD0064D9FD /* GoogleService-Info.plist */; };
		3272EBD6251373E80064D9FD /* DatabaseManager.swift in Sources */ = {isa = PBXBuildFile; fileRef = 3272EBD5251373E80064D9FD /* DatabaseManager.swift */; };
		405BAF684614651DBEAC8F1F /* Pods_Messenger.framework in Frameworks */ = {isa = PBXBuildFile; fileRef = 7B444C822B24AC3DCB31E82A /* Pods_Messenger.framework */; };
/* End PBXBuildFile section */

/* Begin PBXFileReference section */
		3242CC30251344DE006CD546 /* Extensions.swift */ = {isa = PBXFileReference; lastKnownFileType = sourcecode.swift; path = Extensions.swift; sourceTree = "<group>"; };
		326483A125133C020077E403 /* Messenger.app */ = {isa = PBXFileReference; explicitFileType = wrapper.application; includeInIndex = 0; path = Messenger.app; sourceTree = BUILT_PRODUCTS_DIR; };
		326483A425133C020077E403 /* AppDelegate.swift */ = {isa = PBXFileReference; lastKnownFileType = sourcecode.swift; path = AppDelegate.swift; sourceTree = "<group>"; };
		326483A625133C020077E403 /* SceneDelegate.swift */ = {isa = PBXFileReference; lastKnownFileType = sourcecode.swift; path = SceneDelegate.swift; sourceTree = "<group>"; };
		326483A825133C020077E403 /* ConversationsViewController.swift */ = {isa = PBXFileReference; lastKnownFileType = sourcecode.swift; path = ConversationsViewController.swift; sourceTree = "<group>"; };
		326483AB25133C020077E403 /* Base */ = {isa = PBXFileReference; lastKnownFileType = file.storyboard; name = Base; path = Base.lproj/Main.storyboard; sourceTree = "<group>"; };
		326483AD25133C070077E403 /* Assets.xcassets */ = {isa = PBXFileReference; lastKnownFileType = folder.assetcatalog; path = Assets.xcassets; sourceTree = "<group>"; };
		326483B025133C070077E403 /* Base */ = {isa = PBXFileReference; lastKnownFileType = file.storyboard; name = Base; path = Base.lproj/LaunchScreen.storyboard; sourceTree = "<group>"; };
		326483B225133C070077E403 /* Info.plist */ = {isa = PBXFileReference; lastKnownFileType = text.plist.xml; path = Info.plist; sourceTree = "<group>"; };
		326483BE25133DF60077E403 /* LoginViewViewController.swift */ = {isa = PBXFileReference; lastKnownFileType = sourcecode.swift; path = LoginViewViewController.swift; sourceTree = "<group>"; };
		326483C025133E090077E403 /* RegisterViewController.swift */ = {isa = PBXFileReference; lastKnownFileType = sourcecode.swift; path = RegisterViewController.swift; sourceTree = "<group>"; };
		326483C225133E260077E403 /* PhotoViewerViewController.swift */ = {isa = PBXFileReference; lastKnownFileType = sourcecode.swift; path = PhotoViewerViewController.swift; sourceTree = "<group>"; };
		326483C425133E2D0077E403 /* VideoPlayerViewController.swift */ = {isa = PBXFileReference; lastKnownFileType = sourcecode.swift; path = VideoPlayerViewController.swift; sourceTree = "<group>"; };
		326483C625133E4E0077E403 /* NewConversationViewController.swift */ = {isa = PBXFileReference; lastKnownFileType = sourcecode.swift; path = NewConversationViewController.swift; sourceTree = "<group>"; };
		326483C825133E5A0077E403 /* ProfileViewController.swift */ = {isa = PBXFileReference; lastKnownFileType = sourcecode.swift; path = ProfileViewController.swift; sourceTree = "<group>"; };
		3272EBD3251368CD0064D9FD /* GoogleService-Info.plist */ = {isa = PBXFileReference; fileEncoding = 4; lastKnownFileType = text.plist.xml; name = "GoogleService-Info.plist"; path = "../../../Downloads/GoogleService-Info.plist"; sourceTree = "<group>"; };
		3272EBD5251373E80064D9FD /* DatabaseManager.swift */ = {isa = PBXFileReference; lastKnownFileType = sourcecode.swift; path = DatabaseManager.swift; sourceTree = "<group>"; };
		361B2782333A2AD17EB475E8 /* Pods-Messenger.release.xcconfig */ = {isa = PBXFileReference; includeInIndex = 1; lastKnownFileType = text.xcconfig; name = "Pods-Messenger.release.xcconfig"; path = "Target Support Files/Pods-Messenger/Pods-Messenger.release.xcconfig"; sourceTree = "<group>"; };
		7B444C822B24AC3DCB31E82A /* Pods_Messenger.framework */ = {isa = PBXFileReference; explicitFileType = wrapper.framework; includeInIndex = 0; path = Pods_Messenger.framework; sourceTree = BUILT_PRODUCTS_DIR; };
		953F1A7B44187675936EB7F2 /* Pods-Messenger.debug.xcconfig */ = {isa = PBXFileReference; includeInIndex = 1; lastKnownFileType = text.xcconfig; name = "Pods-Messenger.debug.xcconfig"; path = "Target Support Files/Pods-Messenger/Pods-Messenger.debug.xcconfig"; sourceTree = "<group>"; };
/* End PBXFileReference section */

/* Begin PBXFrameworksBuildPhase section */
		3264839E25133C020077E403 /* Frameworks */ = {
			isa = PBXFrameworksBuildPhase;
			buildActionMask = 2147483647;
			files = (
				405BAF684614651DBEAC8F1F /* Pods_Messenger.framework in Frameworks */,
			);
			runOnlyForDeploymentPostprocessing = 0;
		};
/* End PBXFrameworksBuildPhase section */

/* Begin PBXGroup section */
		3264839825133C020077E403 = {
			isa = PBXGroup;
			children = (
				326483A325133C020077E403 /* Messenger */,
				326483A225133C020077E403 /* Products */,
				57D6DD6E045625CB5797A90A /* Pods */,
				D5DC07581F5C66E8F400AF2F /* Frameworks */,
			);
			sourceTree = "<group>";
		};
		326483A225133C020077E403 /* Products */ = {
			isa = PBXGroup;
			children = (
				326483A125133C020077E403 /* Messenger.app */,
			);
			name = Products;
			sourceTree = "<group>";
		};
		326483A325133C020077E403 /* Messenger */ = {
			isa = PBXGroup;
			children = (
				326483BC25133CE20077E403 /* Resources */,
				326483BB25133CDC0077E403 /* ViewModels */,
				326483BA25133CD30077E403 /* Models */,
				326483B925133CCC0077E403 /* Views */,
				326483B825133CC00077E403 /* Controllers */,
				326483B225133C070077E403 /* Info.plist */,
				3272EBD3251368CD0064D9FD /* GoogleService-Info.plist */,
			);
			path = Messenger;
			sourceTree = "<group>";
		};
		326483B825133CC00077E403 /* Controllers */ = {
			isa = PBXGroup;
			children = (
				326483A825133C020077E403 /* ConversationsViewController.swift */,
				326483CA25133F6F0077E403 /* Login */,
				326483C225133E260077E403 /* PhotoViewerViewController.swift */,
				326483C425133E2D0077E403 /* VideoPlayerViewController.swift */,
				326483C625133E4E0077E403 /* NewConversationViewController.swift */,
				326483C825133E5A0077E403 /* ProfileViewController.swift */,
			);
			path = Controllers;
			sourceTree = "<group>";
		};
		326483B925133CCC0077E403 /* Views */ = {
			isa = PBXGroup;
			children = (
				326483BD25133D070077E403 /* Storyboards */,
				326483AD25133C070077E403 /* Assets.xcassets */,
			);
			path = Views;
			sourceTree = "<group>";
		};
		326483BA25133CD30077E403 /* Models */ = {
			isa = PBXGroup;
			children = (
			);
			path = Models;
			sourceTree = "<group>";
		};
		326483BB25133CDC0077E403 /* ViewModels */ = {
			isa = PBXGroup;
			children = (
			);
			path = ViewModels;
			sourceTree = "<group>";
		};
		326483BC25133CE20077E403 /* Resources */ = {
			isa = PBXGroup;
			children = (
				326483A425133C020077E403 /* AppDelegate.swift */,
				326483A625133C020077E403 /* SceneDelegate.swift */,
				3242CC30251344DE006CD546 /* Extensions.swift */,
				3272EBD5251373E80064D9FD /* DatabaseManager.swift */,
			);
			path = Resources;
			sourceTree = "<group>";
		};
		326483BD25133D070077E403 /* Storyboards */ = {
			isa = PBXGroup;
			children = (
				326483AA25133C020077E403 /* Main.storyboard */,
				326483AF25133C070077E403 /* LaunchScreen.storyboard */,
			);
			path = Storyboards;
			sourceTree = "<group>";
		};
		326483CA25133F6F0077E403 /* Login */ = {
			isa = PBXGroup;
			children = (
				326483BE25133DF60077E403 /* LoginViewViewController.swift */,
				326483C025133E090077E403 /* RegisterViewController.swift */,
			);
			path = Login;
			sourceTree = "<group>";
		};
		57D6DD6E045625CB5797A90A /* Pods */ = {
			isa = PBXGroup;
			children = (
				953F1A7B44187675936EB7F2 /* Pods-Messenger.debug.xcconfig */,
				361B2782333A2AD17EB475E8 /* Pods-Messenger.release.xcconfig */,
			);
			path = Pods;
			sourceTree = "<group>";
		};
		D5DC07581F5C66E8F400AF2F /* Frameworks */ = {
			isa = PBXGroup;
			children = (
				7B444C822B24AC3DCB31E82A /* Pods_Messenger.framework */,
			);
			name = Frameworks;
			sourceTree = "<group>";
		};
/* End PBXGroup section */

/* Begin PBXNativeTarget section */
		326483A025133C020077E403 /* Messenger */ = {
			isa = PBXNativeTarget;
			buildConfigurationList = 326483B525133C070077E403 /* Build configuration list for PBXNativeTarget "Messenger" */;
			buildPhases = (
				66F774427A5836C6AF9AD49F /* [CP] Check Pods Manifest.lock */,
				3264839D25133C020077E403 /* Sources */,
				3264839E25133C020077E403 /* Frameworks */,
				3264839F25133C020077E403 /* Resources */,
				CD560ED19C23C708008D20B6 /* [CP] Embed Pods Frameworks */,
				FBBC3390537A4CC32A7A8E42 /* [CP] Copy Pods Resources */,
			);
			buildRules = (
			);
			dependencies = (
			);
			name = Messenger;
			productName = Messenger;
			productReference = 326483A125133C020077E403 /* Messenger.app */;
			productType = "com.apple.product-type.application";
		};
/* End PBXNativeTarget section */

/* Begin PBXProject section */
		3264839925133C020077E403 /* Project object */ = {
			isa = PBXProject;
			attributes = {
				LastSwiftUpdateCheck = 1170;
				LastUpgradeCheck = 1200;
				ORGANIZATIONNAME = nikhit;
				TargetAttributes = {
					326483A025133C020077E403 = {
						CreatedOnToolsVersion = 11.7;
					};
				};
			};
			buildConfigurationList = 3264839C25133C020077E403 /* Build configuration list for PBXProject "Messenger" */;
			compatibilityVersion = "Xcode 9.3";
			developmentRegion = en;
			hasScannedForEncodings = 0;
			knownRegions = (
				en,
				Base,
			);
			mainGroup = 3264839825133C020077E403;
			productRefGroup = 326483A225133C020077E403 /* Products */;
			projectDirPath = "";
			projectRoot = "";
			targets = (
				326483A025133C020077E403 /* Messenger */,
			);
		};
/* End PBXProject section */

/* Begin PBXResourcesBuildPhase section */
		3264839F25133C020077E403 /* Resources */ = {
			isa = PBXResourcesBuildPhase;
			buildActionMask = 2147483647;
			files = (
				326483B125133C070077E403 /* LaunchScreen.storyboard in Resources */,
				3272EBD4251368CD0064D9FD /* GoogleService-Info.plist in Resources */,
				326483AE25133C070077E403 /* Assets.xcassets in Resources */,
				326483AC25133C020077E403 /* Main.storyboard in Resources */,
			);
			runOnlyForDeploymentPostprocessing = 0;
		};
/* End PBXResourcesBuildPhase section */

/* Begin PBXShellScriptBuildPhase section */
		66F774427A5836C6AF9AD49F /* [CP] Check Pods Manifest.lock */ = {
			isa = PBXShellScriptBuildPhase;
			buildActionMask = 2147483647;
			files = (
			);
			inputFileListPaths = (
			);
			inputPaths = (
				"${PODS_PODFILE_DIR_PATH}/Podfile.lock",
				"${PODS_ROOT}/Manifest.lock",
			);
			name = "[CP] Check Pods Manifest.lock";
			outputFileListPaths = (
			);
			outputPaths = (
				"$(DERIVED_FILE_DIR)/Pods-Messenger-checkManifestLockResult.txt",
			);
			runOnlyForDeploymentPostprocessing = 0;
			shellPath = /bin/sh;
			shellScript = "diff \"${PODS_PODFILE_DIR_PATH}/Podfile.lock\" \"${PODS_ROOT}/Manifest.lock\" > /dev/null\nif [ $? != 0 ] ; then\n    # print error to STDERR\n    echo \"error: The sandbox is not in sync with the Podfile.lock. Run 'pod install' or update your CocoaPods installation.\" >&2\n    exit 1\nfi\n# This output is used by Xcode 'outputs' to avoid re-running this script phase.\necho \"SUCCESS\" > \"${SCRIPT_OUTPUT_FILE_0}\"\n";
			showEnvVarsInLog = 0;
		};
		CD560ED19C23C708008D20B6 /* [CP] Embed Pods Frameworks */ = {
			isa = PBXShellScriptBuildPhase;
			buildActionMask = 2147483647;
			files = (
			);
			inputFileListPaths = (
				"${PODS_ROOT}/Target Support Files/Pods-Messenger/Pods-Messenger-frameworks-${CONFIGURATION}-input-files.xcfilelist",
			);
			name = "[CP] Embed Pods Frameworks";
			outputFileListPaths = (
				"${PODS_ROOT}/Target Support Files/Pods-Messenger/Pods-Messenger-frameworks-${CONFIGURATION}-output-files.xcfilelist",
			);
			runOnlyForDeploymentPostprocessing = 0;
			shellPath = /bin/sh;
			shellScript = "\"${PODS_ROOT}/Target Support Files/Pods-Messenger/Pods-Messenger-frameworks.sh\"\n";
			showEnvVarsInLog = 0;
		};
		FBBC3390537A4CC32A7A8E42 /* [CP] Copy Pods Resources */ = {
			isa = PBXShellScriptBuildPhase;
			buildActionMask = 2147483647;
			files = (
			);
			inputFileListPaths = (
				"${PODS_ROOT}/Target Support Files/Pods-Messenger/Pods-Messenger-resources-${CONFIGURATION}-input-files.xcfilelist",
			);
			name = "[CP] Copy Pods Resources";
			outputFileListPaths = (
				"${PODS_ROOT}/Target Support Files/Pods-Messenger/Pods-Messenger-resources-${CONFIGURATION}-output-files.xcfilelist",
			);
			runOnlyForDeploymentPostprocessing = 0;
			shellPath = /bin/sh;
			shellScript = "\"${PODS_ROOT}/Target Support Files/Pods-Messenger/Pods-Messenger-resources.sh\"\n";
			showEnvVarsInLog = 0;
		};
/* End PBXShellScriptBuildPhase section */

/* Begin PBXSourcesBuildPhase section */
		3264839D25133C020077E403 /* Sources */ = {
			isa = PBXSourcesBuildPhase;
			buildActionMask = 2147483647;
			files = (
				326483A925133C020077E403 /* ConversationsViewController.swift in Sources */,
				3272EBD6251373E80064D9FD /* DatabaseManager.swift in Sources */,
				326483C125133E090077E403 /* RegisterViewController.swift in Sources */,
				326483C725133E4E0077E403 /* NewConversationViewController.swift in Sources */,
				326483A525133C020077E403 /* AppDelegate.swift in Sources */,
				326483C525133E2D0077E403 /* VideoPlayerViewController.swift in Sources */,
				3242CC31251344DE006CD546 /* Extensions.swift in Sources */,
				326483A725133C020077E403 /* SceneDelegate.swift in Sources */,
				326483C925133E5A0077E403 /* ProfileViewController.swift in Sources */,
				326483BF25133DF60077E403 /* LoginViewViewController.swift in Sources */,
				326483C325133E260077E403 /* PhotoViewerViewController.swift in Sources */,
			);
			runOnlyForDeploymentPostprocessing = 0;
		};
/* End PBXSourcesBuildPhase section */

/* Begin PBXVariantGroup section */
		326483AA25133C020077E403 /* Main.storyboard */ = {
			isa = PBXVariantGroup;
			children = (
				326483AB25133C020077E403 /* Base */,
			);
			name = Main.storyboard;
			sourceTree = "<group>";
		};
		326483AF25133C070077E403 /* LaunchScreen.storyboard */ = {
			isa = PBXVariantGroup;
			children = (
				326483B025133C070077E403 /* Base */,
			);
			name = LaunchScreen.storyboard;
			sourceTree = "<group>";
		};
/* End PBXVariantGroup section */

/* Begin XCBuildConfiguration section */
		326483B325133C070077E403 /* Debug */ = {
			isa = XCBuildConfiguration;
			buildSettings = {
				ALWAYS_SEARCH_USER_PATHS = NO;
				CLANG_ANALYZER_NONNULL = YES;
				CLANG_ANALYZER_NUMBER_OBJECT_CONVERSION = YES_AGGRESSIVE;
				CLANG_CXX_LANGUAGE_STANDARD = "gnu++14";
				CLANG_CXX_LIBRARY = "libc++";
				CLANG_ENABLE_MODULES = YES;
				CLANG_ENABLE_OBJC_ARC = YES;
				CLANG_ENABLE_OBJC_WEAK = YES;
				CLANG_WARN_BLOCK_CAPTURE_AUTORELEASING = YES;
				CLANG_WARN_BOOL_CONVERSION = YES;
				CLANG_WARN_COMMA = YES;
				CLANG_WARN_CONSTANT_CONVERSION = YES;
				CLANG_WARN_DEPRECATED_OBJC_IMPLEMENTATIONS = YES;
				CLANG_WARN_DIRECT_OBJC_ISA_USAGE = YES_ERROR;
				CLANG_WARN_DOCUMENTATION_COMMENTS = YES;
				CLANG_WARN_EMPTY_BODY = YES;
				CLANG_WARN_ENUM_CONVERSION = YES;
				CLANG_WARN_INFINITE_RECURSION = YES;
				CLANG_WARN_INT_CONVERSION = YES;
				CLANG_WARN_NON_LITERAL_NULL_CONVERSION = YES;
				CLANG_WARN_OBJC_IMPLICIT_RETAIN_SELF = YES;
				CLANG_WARN_OBJC_LITERAL_CONVERSION = YES;
				CLANG_WARN_OBJC_ROOT_CLASS = YES_ERROR;
				CLANG_WARN_QUOTED_INCLUDE_IN_FRAMEWORK_HEADER = YES;
				CLANG_WARN_RANGE_LOOP_ANALYSIS = YES;
				CLANG_WARN_STRICT_PROTOTYPES = YES;
				CLANG_WARN_SUSPICIOUS_MOVE = YES;
				CLANG_WARN_UNGUARDED_AVAILABILITY = YES_AGGRESSIVE;
				CLANG_WARN_UNREACHABLE_CODE = YES;
				CLANG_WARN__DUPLICATE_METHOD_MATCH = YES;
				COPY_PHASE_STRIP = NO;
				DEBUG_INFORMATION_FORMAT = dwarf;
				ENABLE_STRICT_OBJC_MSGSEND = YES;
				ENABLE_TESTABILITY = YES;
				GCC_C_LANGUAGE_STANDARD = gnu11;
				GCC_DYNAMIC_NO_PIC = NO;
				GCC_NO_COMMON_BLOCKS = YES;
				GCC_OPTIMIZATION_LEVEL = 0;
				GCC_PREPROCESSOR_DEFINITIONS = (
					"DEBUG=1",
					"$(inherited)",
				);
				GCC_WARN_64_TO_32_BIT_CONVERSION = YES;
				GCC_WARN_ABOUT_RETURN_TYPE = YES_ERROR;
				GCC_WARN_UNDECLARED_SELECTOR = YES;
				GCC_WARN_UNINITIALIZED_AUTOS = YES_AGGRESSIVE;
				GCC_WARN_UNUSED_FUNCTION = YES;
				GCC_WARN_UNUSED_VARIABLE = YES;
				IPHONEOS_DEPLOYMENT_TARGET = 13.7;
				MTL_ENABLE_DEBUG_INFO = INCLUDE_SOURCE;
				MTL_FAST_MATH = YES;
				ONLY_ACTIVE_ARCH = YES;
				SDKROOT = iphoneos;
				SWIFT_ACTIVE_COMPILATION_CONDITIONS = DEBUG;
				SWIFT_OPTIMIZATION_LEVEL = "-Onone";
			};
			name = Debug;
		};
		326483B425133C070077E403 /* Release */ = {
			isa = XCBuildConfiguration;
			buildSettings = {
				ALWAYS_SEARCH_USER_PATHS = NO;
				CLANG_ANALYZER_NONNULL = YES;
				CLANG_ANALYZER_NUMBER_OBJECT_CONVERSION = YES_AGGRESSIVE;
				CLANG_CXX_LANGUAGE_STANDARD = "gnu++14";
				CLANG_CXX_LIBRARY = "libc++";
				CLANG_ENABLE_MODULES = YES;
				CLANG_ENABLE_OBJC_ARC = YES;
				CLANG_ENABLE_OBJC_WEAK = YES;
				CLANG_WARN_BLOCK_CAPTURE_AUTORELEASING = YES;
				CLANG_WARN_BOOL_CONVERSION = YES;
				CLANG_WARN_COMMA = YES;
				CLANG_WARN_CONSTANT_CONVERSION = YES;
				CLANG_WARN_DEPRECATED_OBJC_IMPLEMENTATIONS = YES;
				CLANG_WARN_DIRECT_OBJC_ISA_USAGE = YES_ERROR;
				CLANG_WARN_DOCUMENTATION_COMMENTS = YES;
				CLANG_WARN_EMPTY_BODY = YES;
				CLANG_WARN_ENUM_CONVERSION = YES;
				CLANG_WARN_INFINITE_RECURSION = YES;
				CLANG_WARN_INT_CONVERSION = YES;
				CLANG_WARN_NON_LITERAL_NULL_CONVERSION = YES;
				CLANG_WARN_OBJC_IMPLICIT_RETAIN_SELF = YES;
				CLANG_WARN_OBJC_LITERAL_CONVERSION = YES;
				CLANG_WARN_OBJC_ROOT_CLASS = YES_ERROR;
				CLANG_WARN_QUOTED_INCLUDE_IN_FRAMEWORK_HEADER = YES;
				CLANG_WARN_RANGE_LOOP_ANALYSIS = YES;
				CLANG_WARN_STRICT_PROTOTYPES = YES;
				CLANG_WARN_SUSPICIOUS_MOVE = YES;
				CLANG_WARN_UNGUARDED_AVAILABILITY = YES_AGGRESSIVE;
				CLANG_WARN_UNREACHABLE_CODE = YES;
				CLANG_WARN__DUPLICATE_METHOD_MATCH = YES;
				COPY_PHASE_STRIP = NO;
				DEBUG_INFORMATION_FORMAT = "dwarf-with-dsym";
				ENABLE_NS_ASSERTIONS = NO;
				ENABLE_STRICT_OBJC_MSGSEND = YES;
				GCC_C_LANGUAGE_STANDARD = gnu11;
				GCC_NO_COMMON_BLOCKS = YES;
				GCC_WARN_64_TO_32_BIT_CONVERSION = YES;
				GCC_WARN_ABOUT_RETURN_TYPE = YES_ERROR;
				GCC_WARN_UNDECLARED_SELECTOR = YES;
				GCC_WARN_UNINITIALIZED_AUTOS = YES_AGGRESSIVE;
				GCC_WARN_UNUSED_FUNCTION = YES;
				GCC_WARN_UNUSED_VARIABLE = YES;
				IPHONEOS_DEPLOYMENT_TARGET = 13.7;
				MTL_ENABLE_DEBUG_INFO = NO;
				MTL_FAST_MATH = YES;
				SDKROOT = iphoneos;
				SWIFT_COMPILATION_MODE = wholemodule;
				SWIFT_OPTIMIZATION_LEVEL = "-O";
				VALIDATE_PRODUCT = YES;
			};
			name = Release;
		};
		326483B625133C070077E403 /* Debug */ = {
			isa = XCBuildConfiguration;
			baseConfigurationReference = 953F1A7B44187675936EB7F2 /* Pods-Messenger.debug.xcconfig */;
			buildSettings = {
				ASSETCATALOG_COMPILER_APPICON_NAME = AppIcon;
				CODE_SIGN_STYLE = Automatic;
				DEVELOPMENT_TEAM = 6NQBNW2Z7X;
				INFOPLIST_FILE = Messenger/Info.plist;
				IPHONEOS_DEPLOYMENT_TARGET = 13.0;
				LD_RUNPATH_SEARCH_PATHS = (
					"$(inherited)",
					"@executable_path/Frameworks",
				);
				PRODUCT_BUNDLE_IDENTIFIER = io.github.sainikhit2k.Messenger;
				PRODUCT_NAME = "$(TARGET_NAME)";
				SWIFT_VERSION = 5.0;
				TARGETED_DEVICE_FAMILY = "1,2";
			};
			name = Debug;
		};
		326483B725133C070077E403 /* Release */ = {
			isa = XCBuildConfiguration;
			baseConfigurationReference = 361B2782333A2AD17EB475E8 /* Pods-Messenger.release.xcconfig */;
			buildSettings = {
				ASSETCATALOG_COMPILER_APPICON_NAME = AppIcon;
				CODE_SIGN_STYLE = Automatic;
				DEVELOPMENT_TEAM = 6NQBNW2Z7X;
				INFOPLIST_FILE = Messenger/Info.plist;
				IPHONEOS_DEPLOYMENT_TARGET = 13.0;
				LD_RUNPATH_SEARCH_PATHS = (
					"$(inherited)",
					"@executable_path/Frameworks",
				);
				PRODUCT_BUNDLE_IDENTIFIER = io.github.sainikhit2k.Messenger;
				PRODUCT_NAME = "$(TARGET_NAME)";
				SWIFT_VERSION = 5.0;
				TARGETED_DEVICE_FAMILY = "1,2";
			};
			name = Release;
		};
/* End XCBuildConfiguration section */

/* Begin XCConfigurationList section */
		3264839C25133C020077E403 /* Build configuration list for PBXProject "Messenger" */ = {
			isa = XCConfigurationList;
			buildConfigurations = (
				326483B325133C070077E403 /* Debug */,
				326483B425133C070077E403 /* Release */,
			);
			defaultConfigurationIsVisible = 0;
			defaultConfigurationName = Release;
		};
		326483B525133C070077E403 /* Build configuration list for PBXNativeTarget "Messenger" */ = {
			isa = XCConfigurationList;
			buildConfigurations = (
				326483B625133C070077E403 /* Debug */,
				326483B725133C070077E403 /* Release */,
			);
			defaultConfigurationIsVisible = 0;
			defaultConfigurationName = Release;
		};
/* End XCConfigurationList section */
	};
	rootObject = 3264839925133C020077E403 /* Project object */;
}
